
Microsoft Visual Studio Solution File, Format Version 12.00
# Visual Studio Version 17
VisualStudioVersion = 17.14.36301.6
MinimumVisualStudioVersion = 10.0.40219.1
Project("{FAE04EC0-301F-11D3-BF4B-00C04F79EFBC}") = "Classification_server", "Classification_server.csproj", "{3533FB8E-C61F-485D-8AC4-70B50481819A}"
EndProject
Global
	GlobalSection(SolutionConfigurationPlatforms) = preSolution
		Debug|Any CPU = Debug|Any CPU
		Debug|x64 = Debug|x64
		Release|Any CPU = Release|Any CPU
		Release|x64 = Release|x64
	EndGlobalSection
	GlobalSection(ProjectConfigurationPlatforms) = postSolution
		{3533FB8E-C61F-485D-8AC4-70B50481819A}.Debug|Any CPU.ActiveCfg = Debug|Any CPU
		{3533FB8E-C61F-485D-8AC4-70B50481819A}.Debug|Any CPU.Build.0 = Debug|Any CPU
		{3533FB8E-C61F-485D-8AC4-70B50481819A}.Debug|x64.ActiveCfg = Debug|x64
		{3533FB8E-C61F-485D-8AC4-70B50481819A}.Debug|x64.Build.0 = Debug|x64
		{3533FB8E-C61F-485D-8AC4-70B50481819A}.Release|Any CPU.ActiveCfg = Release|Any CPU
		{3533FB8E-C61F-485D-8AC4-70B50481819A}.Release|Any CPU.Build.0 = Release|Any CPU
		{3533FB8E-C61F-485D-8AC4-70B50481819A}.Release|x64.ActiveCfg = Release|x64
		{3533FB8E-C61F-485D-8AC4-70B50481819A}.Release|x64.Build.0 = Release|x64
	EndGlobalSection
	GlobalSection(SolutionProperties) = preSolution
		HideSolutionNode = FALSE
	EndGlobalSection
	GlobalSection(ExtensibilityGlobals) = postSolution
		SolutionGuid = {502761A3-9919-4BCF-9D9E-601E25B50CF6}
	EndGlobalSection
EndGlobal
