
Microsoft Visual Studio Solution File, Format Version 12.00
# Visual Studio Version 17
VisualStudioVersion = 17.14.36301.6
MinimumVisualStudioVersion = 10.0.40219.1
Project("{FAE04EC0-301F-11D3-BF4B-00C04F79EFBC}") = "Medical", "Medical.csproj", "{A5687D28-87A1-43E2-BAC6-B5554FAAACEB}"
EndProject
Global
	GlobalSection(SolutionConfigurationPlatforms) = preSolution
		Debug|Any CPU = Debug|Any CPU
		Release|Any CPU = Release|Any CPU
	EndGlobalSection
	GlobalSection(ProjectConfigurationPlatforms) = postSolution
		{A5687D28-87A1-43E2-BAC6-B5554FAAACEB}.Debug|Any CPU.ActiveCfg = Debug|Any CPU
		{A5687D28-87A1-43E2-BAC6-B5554FAAACEB}.Debug|Any CPU.Build.0 = Debug|Any CPU
		{A5687D28-87A1-43E2-BAC6-B5554FAAACEB}.Release|Any CPU.ActiveCfg = Release|Any CPU
		{A5687D28-87A1-43E2-BAC6-B5554FAAACEB}.Release|Any CPU.Build.0 = Release|Any CPU
	EndGlobalSection
	GlobalSection(SolutionProperties) = preSolution
		HideSolutionNode = FALSE
	EndGlobalSection
	GlobalSection(ExtensibilityGlobals) = postSolution
		SolutionGuid = {B00149B7-9ADF-4704-901D-08FEDB331D27}
	EndGlobalSection
EndGlobal
